
Microsoft Visual Studio Solution File, Format Version 12.00
# Visual Studio Version 17
VisualStudioVersion = 17.7.34031.279
MinimumVisualStudioVersion = 10.0.40219.1
Project("{2150E333-8FDC-42A3-9474-1A3956D46DE8}") = "src", "src", "{4EA2C11F-1823-4F28-AB9C-E07045D58230}"
EndProject
Project("{2150E333-8FDC-42A3-9474-1A3956D46DE8}") = "Decorator", "Decorator", "{D24595AB-42CD-4170-8F0F-7C8CD9770EFA}"
EndProject
Project("{FAE04EC0-301F-11D3-BF4B-00C04F79EFBC}") = "Starbuzz", "src\Decorator\Starbuzz\Starbuzz.csproj", "{BD0538D2-00C5-4C45-A838-57D4F8A81496}"
EndProject
Project("{2150E333-8FDC-42A3-9474-1A3956D46DE8}") = "Solution Items", "Solution Items", "{5A241846-3219-4979-A62A-375715CFAA6C}"
	ProjectSection(SolutionItems) = preProject
		.editorconfig = .editorconfig
		.gitattributes = .gitattributes
		.gitignore = .gitignore
		README.md = README.md
	EndProjectSection
EndProject
Global
	GlobalSection(SolutionConfigurationPlatforms) = preSolution
		Debug|Any CPU = Debug|Any CPU
		Release|Any CPU = Release|Any CPU
	EndGlobalSection
	GlobalSection(ProjectConfigurationPlatforms) = postSolution
		{BD0538D2-00C5-4C45-A838-57D4F8A81496}.Debug|Any CPU.ActiveCfg = Debug|Any CPU
		{BD0538D2-00C5-4C45-A838-57D4F8A81496}.Debug|Any CPU.Build.0 = Debug|Any CPU
		{BD0538D2-00C5-4C45-A838-57D4F8A81496}.Release|Any CPU.ActiveCfg = Release|Any CPU
		{BD0538D2-00C5-4C45-A838-57D4F8A81496}.Release|Any CPU.Build.0 = Release|Any CPU
	EndGlobalSection
	GlobalSection(SolutionProperties) = preSolution
		HideSolutionNode = FALSE
	EndGlobalSection
	GlobalSection(NestedProjects) = preSolution
		{D24595AB-42CD-4170-8F0F-7C8CD9770EFA} = {4EA2C11F-1823-4F28-AB9C-E07045D58230}
		{BD0538D2-00C5-4C45-A838-57D4F8A81496} = {D24595AB-42CD-4170-8F0F-7C8CD9770EFA}
	EndGlobalSection
	GlobalSection(ExtensibilityGlobals) = postSolution
		SolutionGuid = {357CCAE5-DE18-4A55-ACA8-1472FEFC667C}
	EndGlobalSection
EndGlobal
